
Microsoft Visual Studio Solution File, Format Version 12.00
# Visual Studio Version 16
VisualStudioVersion = 16.0.30907.101
MinimumVisualStudioVersion = 10.0.40219.1
Project("{9A19103F-16F7-4668-BE54-9A1E7A4F7556}") = "KampIntro", "KampIntro\KampIntro.csproj", "{282AA680-7B52-4DCF-B8B8-1FCC9E568D3F}"
EndProject
Project("{9A19103F-16F7-4668-BE54-9A1E7A4F7556}") = "Donguler", "Donguler\Donguler.csproj", "{0843B1AB-4EA4-4D90-A452-D85F93638937}"
EndProject
Project("{9A19103F-16F7-4668-BE54-9A1E7A4F7556}") = "ClassIntro", "ClassIntro\ClassIntro.csproj", "{BAE54504-6693-4729-9F4F-B73767C2CE8D}"
EndProject
Project("{9A19103F-16F7-4668-BE54-9A1E7A4F7556}") = "e ticaret ödev", "e ticaret ödev\e ticaret ödev.csproj", "{2C0399FD-BFBA-48A6-88C0-F96E822488F9}"
EndProject
Project("{9A19103F-16F7-4668-BE54-9A1E7A4F7556}") = "Methods", "Methods\Methods.csproj", "{B383CFA2-461C-4064-B3D5-AC60E713D1FC}"
EndProject
Project("{9A19103F-16F7-4668-BE54-9A1E7A4F7556}") = "Matematik", "Matematik\Matematik.csproj", "{AB599BF2-41F4-4002-991E-709E6CE4552E}"
EndProject
Project("{9A19103F-16F7-4668-BE54-9A1E7A4F7556}") = "DegerVeReferansTipler", "DegerVeReferansTipler\DegerVeReferansTipler.csproj", "{574638CD-AB04-4C22-89FE-43BCE84FB9A1}"
EndProject
Project("{9A19103F-16F7-4668-BE54-9A1E7A4F7556}") = "pratikYapma", "pratikYapma\pratikYapma.csproj", "{C9770819-DDA2-4B59-8CD0-E3F958A2CD7E}"
EndProject
Project("{9A19103F-16F7-4668-BE54-9A1E7A4F7556}") = "OOP1", "OOP1\OOP1.csproj", "{F85DEE8B-BB9E-46D1-948E-03834A77E3DF}"
EndProject
Project("{9A19103F-16F7-4668-BE54-9A1E7A4F7556}") = "Koleksiyonlar", "Koleksiyonlar\Koleksiyonlar.csproj", "{3F01E5E3-C53C-4E91-BFD0-95E07DA01F81}"
EndProject
Project("{9A19103F-16F7-4668-BE54-9A1E7A4F7556}") = "GenericsIntro", "GenericsIntro\GenericsIntro.csproj", "{3C78DB88-8285-4710-9C4D-EACAA8FD0E37}"
EndProject
Project("{9A19103F-16F7-4668-BE54-9A1E7A4F7556}") = "Constructors", "Constructors\Constructors.csproj", "{B4FCAC9E-E4E4-498A-AC3D-BED7A85C64E5}"
EndProject
Project("{9A19103F-16F7-4668-BE54-9A1E7A4F7556}") = "Generics", "Generics\Generics.csproj", "{80F7DAFD-166E-43BB-A6B6-49378BD192BA}"
EndProject
Project("{FAE04EC0-301F-11D3-BF4B-00C04F79EFBC}") = "MyDictionary", "MyDictionary\MyDictionary.csproj", "{9F6D760A-8259-49EF-B2E6-2D25DB214C61}"
EndProject
Global
	GlobalSection(SolutionConfigurationPlatforms) = preSolution
		Debug|Any CPU = Debug|Any CPU
		Release|Any CPU = Release|Any CPU
	EndGlobalSection
	GlobalSection(ProjectConfigurationPlatforms) = postSolution
		{282AA680-7B52-4DCF-B8B8-1FCC9E568D3F}.Debug|Any CPU.ActiveCfg = Debug|Any CPU
		{282AA680-7B52-4DCF-B8B8-1FCC9E568D3F}.Debug|Any CPU.Build.0 = Debug|Any CPU
		{282AA680-7B52-4DCF-B8B8-1FCC9E568D3F}.Release|Any CPU.ActiveCfg = Release|Any CPU
		{282AA680-7B52-4DCF-B8B8-1FCC9E568D3F}.Release|Any CPU.Build.0 = Release|Any CPU
		{0843B1AB-4EA4-4D90-A452-D85F93638937}.Debug|Any CPU.ActiveCfg = Debug|Any CPU
		{0843B1AB-4EA4-4D90-A452-D85F93638937}.Debug|Any CPU.Build.0 = Debug|Any CPU
		{0843B1AB-4EA4-4D90-A452-D85F93638937}.Release|Any CPU.ActiveCfg = Release|Any CPU
		{0843B1AB-4EA4-4D90-A452-D85F93638937}.Release|Any CPU.Build.0 = Release|Any CPU
		{BAE54504-6693-4729-9F4F-B73767C2CE8D}.Debug|Any CPU.ActiveCfg = Debug|Any CPU
		{BAE54504-6693-4729-9F4F-B73767C2CE8D}.Debug|Any CPU.Build.0 = Debug|Any CPU
		{BAE54504-6693-4729-9F4F-B73767C2CE8D}.Release|Any CPU.ActiveCfg = Release|Any CPU
		{BAE54504-6693-4729-9F4F-B73767C2CE8D}.Release|Any CPU.Build.0 = Release|Any CPU
		{2C0399FD-BFBA-48A6-88C0-F96E822488F9}.Debug|Any CPU.ActiveCfg = Debug|Any CPU
		{2C0399FD-BFBA-48A6-88C0-F96E822488F9}.Debug|Any CPU.Build.0 = Debug|Any CPU
		{2C0399FD-BFBA-48A6-88C0-F96E822488F9}.Release|Any CPU.ActiveCfg = Release|Any CPU
		{2C0399FD-BFBA-48A6-88C0-F96E822488F9}.Release|Any CPU.Build.0 = Release|Any CPU
		{B383CFA2-461C-4064-B3D5-AC60E713D1FC}.Debug|Any CPU.ActiveCfg = Debug|Any CPU
		{B383CFA2-461C-4064-B3D5-AC60E713D1FC}.Debug|Any CPU.Build.0 = Debug|Any CPU
		{B383CFA2-461C-4064-B3D5-AC60E713D1FC}.Release|Any CPU.ActiveCfg = Release|Any CPU
		{B383CFA2-461C-4064-B3D5-AC60E713D1FC}.Release|Any CPU.Build.0 = Release|Any CPU
		{AB599BF2-41F4-4002-991E-709E6CE4552E}.Debug|Any CPU.ActiveCfg = Debug|Any CPU
		{AB599BF2-41F4-4002-991E-709E6CE4552E}.Debug|Any CPU.Build.0 = Debug|Any CPU
		{AB599BF2-41F4-4002-991E-709E6CE4552E}.Release|Any CPU.ActiveCfg = Release|Any CPU
		{AB599BF2-41F4-4002-991E-709E6CE4552E}.Release|Any CPU.Build.0 = Release|Any CPU
		{574638CD-AB04-4C22-89FE-43BCE84FB9A1}.Debug|Any CPU.ActiveCfg = Debug|Any CPU
		{574638CD-AB04-4C22-89FE-43BCE84FB9A1}.Debug|Any CPU.Build.0 = Debug|Any CPU
		{574638CD-AB04-4C22-89FE-43BCE84FB9A1}.Release|Any CPU.ActiveCfg = Release|Any CPU
		{574638CD-AB04-4C22-89FE-43BCE84FB9A1}.Release|Any CPU.Build.0 = Release|Any CPU
		{C9770819-DDA2-4B59-8CD0-E3F958A2CD7E}.Debug|Any CPU.ActiveCfg = Debug|Any CPU
		{C9770819-DDA2-4B59-8CD0-E3F958A2CD7E}.Debug|Any CPU.Build.0 = Debug|Any CPU
		{C9770819-DDA2-4B59-8CD0-E3F958A2CD7E}.Release|Any CPU.ActiveCfg = Release|Any CPU
		{C9770819-DDA2-4B59-8CD0-E3F958A2CD7E}.Release|Any CPU.Build.0 = Release|Any CPU
		{F85DEE8B-BB9E-46D1-948E-03834A77E3DF}.Debug|Any CPU.ActiveCfg = Debug|Any CPU
		{F85DEE8B-BB9E-46D1-948E-03834A77E3DF}.Debug|Any CPU.Build.0 = Debug|Any CPU
		{F85DEE8B-BB9E-46D1-948E-03834A77E3DF}.Release|Any CPU.ActiveCfg = Release|Any CPU
		{F85DEE8B-BB9E-46D1-948E-03834A77E3DF}.Release|Any CPU.Build.0 = Release|Any CPU
		{3F01E5E3-C53C-4E91-BFD0-95E07DA01F81}.Debug|Any CPU.ActiveCfg = Debug|Any CPU
		{3F01E5E3-C53C-4E91-BFD0-95E07DA01F81}.Debug|Any CPU.Build.0 = Debug|Any CPU
		{3F01E5E3-C53C-4E91-BFD0-95E07DA01F81}.Release|Any CPU.ActiveCfg = Release|Any CPU
		{3F01E5E3-C53C-4E91-BFD0-95E07DA01F81}.Release|Any CPU.Build.0 = Release|Any CPU
		{3C78DB88-8285-4710-9C4D-EACAA8FD0E37}.Debug|Any CPU.ActiveCfg = Debug|Any CPU
		{3C78DB88-8285-4710-9C4D-EACAA8FD0E37}.Debug|Any CPU.Build.0 = Debug|Any CPU
		{3C78DB88-8285-4710-9C4D-EACAA8FD0E37}.Release|Any CPU.ActiveCfg = Release|Any CPU
		{3C78DB88-8285-4710-9C4D-EACAA8FD0E37}.Release|Any CPU.Build.0 = Release|Any CPU
		{B4FCAC9E-E4E4-498A-AC3D-BED7A85C64E5}.Debug|Any CPU.ActiveCfg = Debug|Any CPU
		{B4FCAC9E-E4E4-498A-AC3D-BED7A85C64E5}.Debug|Any CPU.Build.0 = Debug|Any CPU
		{B4FCAC9E-E4E4-498A-AC3D-BED7A85C64E5}.Release|Any CPU.ActiveCfg = Release|Any CPU
		{B4FCAC9E-E4E4-498A-AC3D-BED7A85C64E5}.Release|Any CPU.Build.0 = Release|Any CPU
		{80F7DAFD-166E-43BB-A6B6-49378BD192BA}.Debug|Any CPU.ActiveCfg = Debug|Any CPU
		{80F7DAFD-166E-43BB-A6B6-49378BD192BA}.Debug|Any CPU.Build.0 = Debug|Any CPU
		{80F7DAFD-166E-43BB-A6B6-49378BD192BA}.Release|Any CPU.ActiveCfg = Release|Any CPU
		{80F7DAFD-166E-43BB-A6B6-49378BD192BA}.Release|Any CPU.Build.0 = Release|Any CPU
		{9F6D760A-8259-49EF-B2E6-2D25DB214C61}.Debug|Any CPU.ActiveCfg = Debug|Any CPU
		{9F6D760A-8259-49EF-B2E6-2D25DB214C61}.Debug|Any CPU.Build.0 = Debug|Any CPU
		{9F6D760A-8259-49EF-B2E6-2D25DB214C61}.Release|Any CPU.ActiveCfg = Release|Any CPU
		{9F6D760A-8259-49EF-B2E6-2D25DB214C61}.Release|Any CPU.Build.0 = Release|Any CPU
	EndGlobalSection
	GlobalSection(SolutionProperties) = preSolution
		HideSolutionNode = FALSE
	EndGlobalSection
	GlobalSection(ExtensibilityGlobals) = postSolution
		SolutionGuid = {4E7F099A-7560-4CB0-9A67-B073CCFDFDFB}
	EndGlobalSection
EndGlobal
